{
  "requires": true,
  "lockfileVersion": 1,
  "dependencies": {
    "vue-picture-input": {
      "version": "2.1.6",
      "resolved": "https://registry.npmjs.org/vue-picture-input/-/vue-picture-input-2.1.6.tgz",
      "integrity": "sha512-aM5Pyjz3Kup35/6OCjpgA0BEpLTW9YuN7Ds44XLibXZcxnYYLQezmXpb6IXg/orVTMwMLWNpsHCT3wPhLfjdeA=="
    }
  }
}
